
Microsoft Visual Studio Solution File, Format Version 12.00
# Visual Studio Version 16
VisualStudioVersion = 16.0.31005.135
MinimumVisualStudioVersion = 10.0.40219.1
Project("{FAE04EC0-301F-11D3-BF4B-00C04F79EFBC}") = "Simulation_FlightInAtmosphere", "Simulation_FlightInAtmosphere.csproj", "{BBE21055-9F80-413A-B3E6-46261B086B9B}"
EndProject
Global
	GlobalSection(SolutionConfigurationPlatforms) = preSolution
		Debug|Any CPU = Debug|Any CPU
		Release|Any CPU = Release|Any CPU
	EndGlobalSection
	GlobalSection(ProjectConfigurationPlatforms) = postSolution
		{BBE21055-9F80-413A-B3E6-46261B086B9B}.Debug|Any CPU.ActiveCfg = Debug|Any CPU
		{BBE21055-9F80-413A-B3E6-46261B086B9B}.Debug|Any CPU.Build.0 = Debug|Any CPU
		{BBE21055-9F80-413A-B3E6-46261B086B9B}.Release|Any CPU.ActiveCfg = Release|Any CPU
		{BBE21055-9F80-413A-B3E6-46261B086B9B}.Release|Any CPU.Build.0 = Release|Any CPU
	EndGlobalSection
	GlobalSection(SolutionProperties) = preSolution
		HideSolutionNode = FALSE
	EndGlobalSection
	GlobalSection(ExtensibilityGlobals) = postSolution
		SolutionGuid = {7F11B86B-01FB-421B-A9B4-20BC42E6637F}
	EndGlobalSection
EndGlobal
